
Microsoft Visual Studio Solution File, Format Version 12.00
# Visual Studio Version 17
VisualStudioVersion = 17.9.34622.214
MinimumVisualStudioVersion = 10.0.40219.1
Project("{FAE04EC0-301F-11D3-BF4B-00C04F79EFBC}") = "BlazorAppForSyncFusion", "BlazorAppForSyncFusion\BlazorAppForSyncFusion\BlazorAppForSyncFusion.csproj", "{AC7EABA0-94E7-4323-A655-348099252B39}"
EndProject
Project("{FAE04EC0-301F-11D3-BF4B-00C04F79EFBC}") = "BlazorAppForSyncFusion.Client", "BlazorAppForSyncFusion\BlazorAppForSyncFusion.Client\BlazorAppForSyncFusion.Client.csproj", "{D4C6B3B9-E7FB-4C83-99E2-FE29527DEC59}"
EndProject
Global
	GlobalSection(SolutionConfigurationPlatforms) = preSolution
		Debug|Any CPU = Debug|Any CPU
		Release|Any CPU = Release|Any CPU
	EndGlobalSection
	GlobalSection(ProjectConfigurationPlatforms) = postSolution
		{AC7EABA0-94E7-4323-A655-348099252B39}.Debug|Any CPU.ActiveCfg = Debug|Any CPU
		{AC7EABA0-94E7-4323-A655-348099252B39}.Debug|Any CPU.Build.0 = Debug|Any CPU
		{AC7EABA0-94E7-4323-A655-348099252B39}.Release|Any CPU.ActiveCfg = Release|Any CPU
		{AC7EABA0-94E7-4323-A655-348099252B39}.Release|Any CPU.Build.0 = Release|Any CPU
		{D4C6B3B9-E7FB-4C83-99E2-FE29527DEC59}.Debug|Any CPU.ActiveCfg = Debug|Any CPU
		{D4C6B3B9-E7FB-4C83-99E2-FE29527DEC59}.Debug|Any CPU.Build.0 = Debug|Any CPU
		{D4C6B3B9-E7FB-4C83-99E2-FE29527DEC59}.Release|Any CPU.ActiveCfg = Release|Any CPU
		{D4C6B3B9-E7FB-4C83-99E2-FE29527DEC59}.Release|Any CPU.Build.0 = Release|Any CPU
	EndGlobalSection
	GlobalSection(SolutionProperties) = preSolution
		HideSolutionNode = FALSE
	EndGlobalSection
	GlobalSection(ExtensibilityGlobals) = postSolution
		SolutionGuid = {89678A65-8C22-4927-95D2-BB81BBC9B57B}
	EndGlobalSection
EndGlobal
